// !$*UTF8*$!
{
	archiveVersion = 1;
	classes = {
	};
	objectVersion = 51;
	objects = {

/* Begin PBXBuildFile section */
		2507CB51251C8FB300B0D28E /* AccountVC.swift in Sources */ = {isa = PBXBuildFile; fileRef = 2507CB4F251C8FB300B0D28E /* AccountVC.swift */; };
		2507CB52251C8FB300B0D28E /* AccountVC.xib in Resources */ = {isa = PBXBuildFile; fileRef = 2507CB50251C8FB300B0D28E /* AccountVC.xib */; };
		25477177251C4E1100C1F4CD /* AppDelegate.swift in Sources */ = {isa = PBXBuildFile; fileRef = 25477176251C4E1100C1F4CD /* AppDelegate.swift */; };
		25477179251C4E1100C1F4CD /* SceneDelegate.swift in Sources */ = {isa = PBXBuildFile; fileRef = 25477178251C4E1100C1F4CD /* SceneDelegate.swift */; };
		25477180251C4E1300C1F4CD /* Assets.xcassets in Resources */ = {isa = PBXBuildFile; fileRef = 2547717F251C4E1300C1F4CD /* Assets.xcassets */; };
		25477183251C4E1300C1F4CD /* LaunchScreen.storyboard in Resources */ = {isa = PBXBuildFile; fileRef = 25477181251C4E1300C1F4CD /* LaunchScreen.storyboard */; };
		2557979E251DB09500FBC245 /* HeaderNavigator.swift in Sources */ = {isa = PBXBuildFile; fileRef = 2557979D251DB09500FBC245 /* HeaderNavigator.swift */; };
		255797A1251DB0EE00FBC245 /* HeaderNavigator.xib in Resources */ = {isa = PBXBuildFile; fileRef = 255797A0251DB0EE00FBC245 /* HeaderNavigator.xib */; };
		255797B8251DD19B00FBC245 /* SCLAlertView.swift in Sources */ = {isa = PBXBuildFile; fileRef = 255797B6251DD19B00FBC245 /* SCLAlertView.swift */; };
		255797B9251DD19B00FBC245 /* SCLExtensions.swift in Sources */ = {isa = PBXBuildFile; fileRef = 255797B7251DD19B00FBC245 /* SCLExtensions.swift */; };
		25911BFF251C55AF00B52872 /* AppConstant.swift in Sources */ = {isa = PBXBuildFile; fileRef = 25911BEF251C55AE00B52872 /* AppConstant.swift */; };
		25911C00251C55AF00B52872 /* UIView+Extensions.swift in Sources */ = {isa = PBXBuildFile; fileRef = 25911BF1251C55AE00B52872 /* UIView+Extensions.swift */; };
		25911C01251C55AF00B52872 /* Bundle+Extention.swift in Sources */ = {isa = PBXBuildFile; fileRef = 25911BF2251C55AE00B52872 /* Bundle+Extention.swift */; };
		25911C02251C55AF00B52872 /* String+Extensions.swift in Sources */ = {isa = PBXBuildFile; fileRef = 25911BF3251C55AE00B52872 /* String+Extensions.swift */; };
		25911C03251C55AF00B52872 /* UITableView+Extensions.swift in Sources */ = {isa = PBXBuildFile; fileRef = 25911BF4251C55AE00B52872 /* UITableView+Extensions.swift */; };
		25911C04251C55AF00B52872 /* BaseViewController.swift in Sources */ = {isa = PBXBuildFile; fileRef = 25911BF6251C55AF00B52872 /* BaseViewController.swift */; };
		25911C05251C55AF00B52872 /* MainTabbar.swift in Sources */ = {isa = PBXBuildFile; fileRef = 25911BF7251C55AF00B52872 /* MainTabbar.swift */; };
		25911C08251C55AF00B52872 /* BaseViewXib.swift in Sources */ = {isa = PBXBuildFile; fileRef = 25911BFA251C55AF00B52872 /* BaseViewXib.swift */; };
		25911C09251C55AF00B52872 /* LanguageHelper.swift in Sources */ = {isa = PBXBuildFile; fileRef = 25911BFC251C55AF00B52872 /* LanguageHelper.swift */; };
		25911C0A251C55AF00B52872 /* JsonHelper.swift in Sources */ = {isa = PBXBuildFile; fileRef = 25911BFD251C55AF00B52872 /* JsonHelper.swift */; };
		25911C0B251C55AF00B52872 /* UseDefaultHelper.swift in Sources */ = {isa = PBXBuildFile; fileRef = 25911BFE251C55AF00B52872 /* UseDefaultHelper.swift */; };
		25911C1D251C5AF500B52872 /* ReviewVC.swift in Sources */ = {isa = PBXBuildFile; fileRef = 25911C1B251C5AF500B52872 /* ReviewVC.swift */; };
		25911C1E251C5AF500B52872 /* ReviewVC.xib in Resources */ = {isa = PBXBuildFile; fileRef = 25911C1C251C5AF500B52872 /* ReviewVC.xib */; };
		25911C24251C5D1100B52872 /* StudyVC.swift in Sources */ = {isa = PBXBuildFile; fileRef = 25911C22251C5D1100B52872 /* StudyVC.swift */; };
		25911C25251C5D1100B52872 /* StudyVC.xib in Resources */ = {isa = PBXBuildFile; fileRef = 25911C23251C5D1100B52872 /* StudyVC.xib */; };
		25A4E11F251DF4B400CD969C /* InputForm.swift in Sources */ = {isa = PBXBuildFile; fileRef = 25A4E11D251DF4B300CD969C /* InputForm.swift */; };
		25A4E120251DF4B400CD969C /* InputForm.xib in Resources */ = {isa = PBXBuildFile; fileRef = 25A4E11E251DF4B300CD969C /* InputForm.xib */; };
		25BECCA5251CA1C0004D57CC /* PMSuperButton.swift in Sources */ = {isa = PBXBuildFile; fileRef = 25BECCA4251CA1C0004D57CC /* PMSuperButton.swift */; };
		25BECCA8251CA22E004D57CC /* EmptyHistoryView.swift in Sources */ = {isa = PBXBuildFile; fileRef = 25BECCA7251CA22E004D57CC /* EmptyHistoryView.swift */; };
		25BECCAC251CA292004D57CC /* EmptyHistoryView.xib in Resources */ = {isa = PBXBuildFile; fileRef = 25BECCAB251CA292004D57CC /* EmptyHistoryView.xib */; };
		843682402549075E00C8B8BF /* StudyCell.swift in Sources */ = {isa = PBXBuildFile; fileRef = 8436823E2549075E00C8B8BF /* StudyCell.swift */; };
		843682412549075E00C8B8BF /* StudyCell.xib in Resources */ = {isa = PBXBuildFile; fileRef = 8436823F2549075E00C8B8BF /* StudyCell.xib */; };
		8436827625496EED00C8B8BF /* ielts1.json in Resources */ = {isa = PBXBuildFile; fileRef = 8436827525496EED00C8B8BF /* ielts1.json */; };
		846353472521982E0055A750 /* WordModel.swift in Sources */ = {isa = PBXBuildFile; fileRef = 846353462521982E0055A750 /* WordModel.swift */; };
		8463534A252199FF0055A750 /* words.json in Resources */ = {isa = PBXBuildFile; fileRef = 84635349252199FF0055A750 /* words.json */; };
		849B2801251D9F3C0045D15D /* TrainingViewController.swift in Sources */ = {isa = PBXBuildFile; fileRef = 849B27FF251D9F3C0045D15D /* TrainingViewController.swift */; };
		849B2802251D9F3C0045D15D /* TrainingViewController.xib in Resources */ = {isa = PBXBuildFile; fileRef = 849B2800251D9F3C0045D15D /* TrainingViewController.xib */; };
		849B280B251DAB080045D15D /* LearnView.swift in Sources */ = {isa = PBXBuildFile; fileRef = 849B280A251DAB080045D15D /* LearnView.swift */; };
		849B280E251DAB160045D15D /* LearnView.xib in Resources */ = {isa = PBXBuildFile; fileRef = 849B280D251DAB160045D15D /* LearnView.xib */; };
		849B2811251DC0310045D15D /* ListernView.swift in Sources */ = {isa = PBXBuildFile; fileRef = 849B2810251DC0310045D15D /* ListernView.swift */; };
		849B2814251DC03E0045D15D /* ListernView.xib in Resources */ = {isa = PBXBuildFile; fileRef = 849B2813251DC03E0045D15D /* ListernView.xib */; };
		849B2817251DC4800045D15D /* WriteView.swift in Sources */ = {isa = PBXBuildFile; fileRef = 849B2816251DC4800045D15D /* WriteView.swift */; };
		849B281A251DC48B0045D15D /* WriteView.xib in Resources */ = {isa = PBXBuildFile; fileRef = 849B2819251DC48B0045D15D /* WriteView.xib */; };
		849B281F251DC9590045D15D /* WordCell.swift in Sources */ = {isa = PBXBuildFile; fileRef = 849B281D251DC9590045D15D /* WordCell.swift */; };
		849B2820251DC9590045D15D /* WordCell.xib in Resources */ = {isa = PBXBuildFile; fileRef = 849B281E251DC9590045D15D /* WordCell.xib */; };
		849B283C251DCA860045D15D /* UICollectionView+Extensions.swift in Sources */ = {isa = PBXBuildFile; fileRef = 849B283B251DCA860045D15D /* UICollectionView+Extensions.swift */; };
		84AED9932522DFB5001A83F0 /* SuccessView.swift in Sources */ = {isa = PBXBuildFile; fileRef = 84AED9922522DFB5001A83F0 /* SuccessView.swift */; };
		84AED9962522DFC0001A83F0 /* SuccessView.xib in Resources */ = {isa = PBXBuildFile; fileRef = 84AED9952522DFC0001A83F0 /* SuccessView.xib */; };
		AC307554AD592C735D13CCB4 /* Pods_StudyCool.framework in Frameworks */ = {isa = PBXBuildFile; fileRef = CA80808715A7DCEFA3EF7F1A /* Pods_StudyCool.framework */; };
		DB2A3F8C251CF20400553A60 /* RegisterViewController.xib in Resources */ = {isa = PBXBuildFile; fileRef = DB2A3F88251CF20400553A60 /* RegisterViewController.xib */; };
		DB2A3F8D251CF20400553A60 /* LoginViewController.xib in Resources */ = {isa = PBXBuildFile; fileRef = DB2A3F89251CF20400553A60 /* LoginViewController.xib */; };
		DB2A3F8E251CF20400553A60 /* LoginViewController.swift in Sources */ = {isa = PBXBuildFile; fileRef = DB2A3F8A251CF20400553A60 /* LoginViewController.swift */; };
		DB2A3F8F251CF20400553A60 /* RegisterViewController.swift in Sources */ = {isa = PBXBuildFile; fileRef = DB2A3F8B251CF20400553A60 /* RegisterViewController.swift */; };
		DB2A3F92251CF2FA00553A60 /* AppRouter.swift in Sources */ = {isa = PBXBuildFile; fileRef = DB2A3F91251CF2FA00553A60 /* AppRouter.swift */; };
		DB2A3F94251CF77F00553A60 /* PopUpHelper.swift in Sources */ = {isa = PBXBuildFile; fileRef = DB2A3F93251CF77F00553A60 /* PopUpHelper.swift */; };
		DB2A3F96251CF9C000553A60 /* GoogleService-Info.plist in Resources */ = {isa = PBXBuildFile; fileRef = DB2A3F95251CF9C000553A60 /* GoogleService-Info.plist */; };
		DB2A3F99251CFAD700553A60 /* UserAuthViewModel.swift in Sources */ = {isa = PBXBuildFile; fileRef = DB2A3F98251CFAD700553A60 /* UserAuthViewModel.swift */; };
		DB2A3F9B251CFB2100553A60 /* Firebase.swift in Sources */ = {isa = PBXBuildFile; fileRef = DB2A3F9A251CFB2100553A60 /* Firebase.swift */; };
		DB2A3F9E251E482F00553A60 /* UserModel.swift in Sources */ = {isa = PBXBuildFile; fileRef = DB2A3F9D251E482F00553A60 /* UserModel.swift */; };
		DB2A3FA2251E528D00553A60 /* Reachability.swift in Sources */ = {isa = PBXBuildFile; fileRef = DB2A3FA0251E528D00553A60 /* Reachability.swift */; };
		DB2A3FA4251E52B000553A60 /* ConnectionManager.swift in Sources */ = {isa = PBXBuildFile; fileRef = DB2A3FA3251E52B000553A60 /* ConnectionManager.swift */; };
/* End PBXBuildFile section */

/* Begin PBXFileReference section */
		2507CB4F251C8FB300B0D28E /* AccountVC.swift */ = {isa = PBXFileReference; lastKnownFileType = sourcecode.swift; path = AccountVC.swift; sourceTree = "<group>"; };
		2507CB50251C8FB300B0D28E /* AccountVC.xib */ = {isa = PBXFileReference; lastKnownFileType = file.xib; path = AccountVC.xib; sourceTree = "<group>"; };
		25477173251C4E1100C1F4CD /* StudyCool.app */ = {isa = PBXFileReference; explicitFileType = wrapper.application; includeInIndex = 0; path = StudyCool.app; sourceTree = BUILT_PRODUCTS_DIR; };
		25477176251C4E1100C1F4CD /* AppDelegate.swift */ = {isa = PBXFileReference; lastKnownFileType = sourcecode.swift; path = AppDelegate.swift; sourceTree = "<group>"; };
		25477178251C4E1100C1F4CD /* SceneDelegate.swift */ = {isa = PBXFileReference; lastKnownFileType = sourcecode.swift; path = SceneDelegate.swift; sourceTree = "<group>"; };
		2547717F251C4E1300C1F4CD /* Assets.xcassets */ = {isa = PBXFileReference; lastKnownFileType = folder.assetcatalog; path = Assets.xcassets; sourceTree = "<group>"; };
		25477182251C4E1300C1F4CD /* Base */ = {isa = PBXFileReference; lastKnownFileType = file.storyboard; name = Base; path = Base.lproj/LaunchScreen.storyboard; sourceTree = "<group>"; };
		25477184251C4E1300C1F4CD /* Info.plist */ = {isa = PBXFileReference; lastKnownFileType = text.plist.xml; path = Info.plist; sourceTree = "<group>"; };
		2557979D251DB09500FBC245 /* HeaderNavigator.swift */ = {isa = PBXFileReference; lastKnownFileType = sourcecode.swift; path = HeaderNavigator.swift; sourceTree = "<group>"; };
		255797A0251DB0EE00FBC245 /* HeaderNavigator.xib */ = {isa = PBXFileReference; lastKnownFileType = file.xib; path = HeaderNavigator.xib; sourceTree = "<group>"; };
		255797B6251DD19B00FBC245 /* SCLAlertView.swift */ = {isa = PBXFileReference; fileEncoding = 4; lastKnownFileType = sourcecode.swift; path = SCLAlertView.swift; sourceTree = "<group>"; };
		255797B7251DD19B00FBC245 /* SCLExtensions.swift */ = {isa = PBXFileReference; fileEncoding = 4; lastKnownFileType = sourcecode.swift; path = SCLExtensions.swift; sourceTree = "<group>"; };
		25911BEF251C55AE00B52872 /* AppConstant.swift */ = {isa = PBXFileReference; fileEncoding = 4; lastKnownFileType = sourcecode.swift; path = AppConstant.swift; sourceTree = "<group>"; };
		25911BF1251C55AE00B52872 /* UIView+Extensions.swift */ = {isa = PBXFileReference; fileEncoding = 4; lastKnownFileType = sourcecode.swift; path = "UIView+Extensions.swift"; sourceTree = "<group>"; };
		25911BF2251C55AE00B52872 /* Bundle+Extention.swift */ = {isa = PBXFileReference; fileEncoding = 4; lastKnownFileType = sourcecode.swift; path = "Bundle+Extention.swift"; sourceTree = "<group>"; };
		25911BF3251C55AE00B52872 /* String+Extensions.swift */ = {isa = PBXFileReference; fileEncoding = 4; lastKnownFileType = sourcecode.swift; path = "String+Extensions.swift"; sourceTree = "<group>"; };
		25911BF4251C55AE00B52872 /* UITableView+Extensions.swift */ = {isa = PBXFileReference; fileEncoding = 4; lastKnownFileType = sourcecode.swift; path = "UITableView+Extensions.swift"; sourceTree = "<group>"; };
		25911BF6251C55AF00B52872 /* BaseViewController.swift */ = {isa = PBXFileReference; fileEncoding = 4; lastKnownFileType = sourcecode.swift; path = BaseViewController.swift; sourceTree = "<group>"; };
		25911BF7251C55AF00B52872 /* MainTabbar.swift */ = {isa = PBXFileReference; fileEncoding = 4; lastKnownFileType = sourcecode.swift; path = MainTabbar.swift; sourceTree = "<group>"; };
		25911BFA251C55AF00B52872 /* BaseViewXib.swift */ = {isa = PBXFileReference; fileEncoding = 4; lastKnownFileType = sourcecode.swift; path = BaseViewXib.swift; sourceTree = "<group>"; };
		25911BFC251C55AF00B52872 /* LanguageHelper.swift */ = {isa = PBXFileReference; fileEncoding = 4; lastKnownFileType = sourcecode.swift; path = LanguageHelper.swift; sourceTree = "<group>"; };
		25911BFD251C55AF00B52872 /* JsonHelper.swift */ = {isa = PBXFileReference; fileEncoding = 4; lastKnownFileType = sourcecode.swift; path = JsonHelper.swift; sourceTree = "<group>"; };
		25911BFE251C55AF00B52872 /* UseDefaultHelper.swift */ = {isa = PBXFileReference; fileEncoding = 4; lastKnownFileType = sourcecode.swift; path = UseDefaultHelper.swift; sourceTree = "<group>"; };
		25911C1B251C5AF500B52872 /* ReviewVC.swift */ = {isa = PBXFileReference; lastKnownFileType = sourcecode.swift; path = ReviewVC.swift; sourceTree = "<group>"; };
		25911C1C251C5AF500B52872 /* ReviewVC.xib */ = {isa = PBXFileReference; lastKnownFileType = file.xib; path = ReviewVC.xib; sourceTree = "<group>"; };
		25911C22251C5D1100B52872 /* StudyVC.swift */ = {isa = PBXFileReference; lastKnownFileType = sourcecode.swift; path = StudyVC.swift; sourceTree = "<group>"; };
		25911C23251C5D1100B52872 /* StudyVC.xib */ = {isa = PBXFileReference; lastKnownFileType = file.xib; path = StudyVC.xib; sourceTree = "<group>"; };
		25A4E11D251DF4B300CD969C /* InputForm.swift */ = {isa = PBXFileReference; fileEncoding = 4; lastKnownFileType = sourcecode.swift; path = InputForm.swift; sourceTree = "<group>"; };
		25A4E11E251DF4B300CD969C /* InputForm.xib */ = {isa = PBXFileReference; fileEncoding = 4; lastKnownFileType = file.xib; path = InputForm.xib; sourceTree = "<group>"; };
		25BECCA4251CA1C0004D57CC /* PMSuperButton.swift */ = {isa = PBXFileReference; lastKnownFileType = sourcecode.swift; path = PMSuperButton.swift; sourceTree = "<group>"; };
		25BECCA7251CA22E004D57CC /* EmptyHistoryView.swift */ = {isa = PBXFileReference; lastKnownFileType = sourcecode.swift; path = EmptyHistoryView.swift; sourceTree = "<group>"; };
		25BECCAB251CA292004D57CC /* EmptyHistoryView.xib */ = {isa = PBXFileReference; lastKnownFileType = file.xib; path = EmptyHistoryView.xib; sourceTree = "<group>"; };
		8436823E2549075E00C8B8BF /* StudyCell.swift */ = {isa = PBXFileReference; lastKnownFileType = sourcecode.swift; path = StudyCell.swift; sourceTree = "<group>"; };
		8436823F2549075E00C8B8BF /* StudyCell.xib */ = {isa = PBXFileReference; lastKnownFileType = file.xib; path = StudyCell.xib; sourceTree = "<group>"; };
		8436827525496EED00C8B8BF /* ielts1.json */ = {isa = PBXFileReference; lastKnownFileType = text.json; path = ielts1.json; sourceTree = "<group>"; };
		846353462521982E0055A750 /* WordModel.swift */ = {isa = PBXFileReference; lastKnownFileType = sourcecode.swift; path = WordModel.swift; sourceTree = "<group>"; };
		84635349252199FF0055A750 /* words.json */ = {isa = PBXFileReference; fileEncoding = 4; lastKnownFileType = text.json; path = words.json; sourceTree = "<group>"; };
		849B27FF251D9F3C0045D15D /* TrainingViewController.swift */ = {isa = PBXFileReference; lastKnownFileType = sourcecode.swift; path = TrainingViewController.swift; sourceTree = "<group>"; };
		849B2800251D9F3C0045D15D /* TrainingViewController.xib */ = {isa = PBXFileReference; lastKnownFileType = file.xib; path = TrainingViewController.xib; sourceTree = "<group>"; };
		849B280A251DAB080045D15D /* LearnView.swift */ = {isa = PBXFileReference; lastKnownFileType = sourcecode.swift; path = LearnView.swift; sourceTree = "<group>"; };
		849B280D251DAB160045D15D /* LearnView.xib */ = {isa = PBXFileReference; lastKnownFileType = file.xib; path = LearnView.xib; sourceTree = "<group>"; };
		849B2810251DC0310045D15D /* ListernView.swift */ = {isa = PBXFileReference; lastKnownFileType = sourcecode.swift; path = ListernView.swift; sourceTree = "<group>"; };
		849B2813251DC03E0045D15D /* ListernView.xib */ = {isa = PBXFileReference; lastKnownFileType = file.xib; path = ListernView.xib; sourceTree = "<group>"; };
		849B2816251DC4800045D15D /* WriteView.swift */ = {isa = PBXFileReference; lastKnownFileType = sourcecode.swift; path = WriteView.swift; sourceTree = "<group>"; };
		849B2819251DC48B0045D15D /* WriteView.xib */ = {isa = PBXFileReference; lastKnownFileType = file.xib; path = WriteView.xib; sourceTree = "<group>"; };
		849B281D251DC9590045D15D /* WordCell.swift */ = {isa = PBXFileReference; lastKnownFileType = sourcecode.swift; path = WordCell.swift; sourceTree = "<group>"; };
		849B281E251DC9590045D15D /* WordCell.xib */ = {isa = PBXFileReference; lastKnownFileType = file.xib; path = WordCell.xib; sourceTree = "<group>"; };
		849B283B251DCA860045D15D /* UICollectionView+Extensions.swift */ = {isa = PBXFileReference; lastKnownFileType = sourcecode.swift; path = "UICollectionView+Extensions.swift"; sourceTree = "<group>"; };
		84AED9922522DFB5001A83F0 /* SuccessView.swift */ = {isa = PBXFileReference; lastKnownFileType = sourcecode.swift; path = SuccessView.swift; sourceTree = "<group>"; };
		84AED9952522DFC0001A83F0 /* SuccessView.xib */ = {isa = PBXFileReference; lastKnownFileType = file.xib; path = SuccessView.xib; sourceTree = "<group>"; };
		B8054D8E7FD62059B061E102 /* Pods-StudyCool.release.xcconfig */ = {isa = PBXFileReference; includeInIndex = 1; lastKnownFileType = text.xcconfig; name = "Pods-StudyCool.release.xcconfig"; path = "Target Support Files/Pods-StudyCool/Pods-StudyCool.release.xcconfig"; sourceTree = "<group>"; };
		CA80808715A7DCEFA3EF7F1A /* Pods_StudyCool.framework */ = {isa = PBXFileReference; explicitFileType = wrapper.framework; includeInIndex = 0; path = Pods_StudyCool.framework; sourceTree = BUILT_PRODUCTS_DIR; };
		DB2A3F88251CF20400553A60 /* RegisterViewController.xib */ = {isa = PBXFileReference; fileEncoding = 4; lastKnownFileType = file.xib; path = RegisterViewController.xib; sourceTree = "<group>"; };
		DB2A3F89251CF20400553A60 /* LoginViewController.xib */ = {isa = PBXFileReference; fileEncoding = 4; lastKnownFileType = file.xib; path = LoginViewController.xib; sourceTree = "<group>"; };
		DB2A3F8A251CF20400553A60 /* LoginViewController.swift */ = {isa = PBXFileReference; fileEncoding = 4; lastKnownFileType = sourcecode.swift; path = LoginViewController.swift; sourceTree = "<group>"; };
		DB2A3F8B251CF20400553A60 /* RegisterViewController.swift */ = {isa = PBXFileReference; fileEncoding = 4; lastKnownFileType = sourcecode.swift; path = RegisterViewController.swift; sourceTree = "<group>"; };
		DB2A3F91251CF2FA00553A60 /* AppRouter.swift */ = {isa = PBXFileReference; lastKnownFileType = sourcecode.swift; path = AppRouter.swift; sourceTree = "<group>"; };
		DB2A3F93251CF77F00553A60 /* PopUpHelper.swift */ = {isa = PBXFileReference; lastKnownFileType = sourcecode.swift; path = PopUpHelper.swift; sourceTree = "<group>"; };
		DB2A3F95251CF9C000553A60 /* GoogleService-Info.plist */ = {isa = PBXFileReference; fileEncoding = 4; lastKnownFileType = text.plist.xml; path = "GoogleService-Info.plist"; sourceTree = "<group>"; };
		DB2A3F98251CFAD700553A60 /* UserAuthViewModel.swift */ = {isa = PBXFileReference; lastKnownFileType = sourcecode.swift; path = UserAuthViewModel.swift; sourceTree = "<group>"; };
		DB2A3F9A251CFB2100553A60 /* Firebase.swift */ = {isa = PBXFileReference; lastKnownFileType = sourcecode.swift; path = Firebase.swift; sourceTree = "<group>"; };
		DB2A3F9D251E482F00553A60 /* UserModel.swift */ = {isa = PBXFileReference; lastKnownFileType = sourcecode.swift; path = UserModel.swift; sourceTree = "<group>"; };
		DB2A3FA0251E528D00553A60 /* Reachability.swift */ = {isa = PBXFileReference; fileEncoding = 4; lastKnownFileType = sourcecode.swift; path = Reachability.swift; sourceTree = "<group>"; };
		DB2A3FA1251E528D00553A60 /* Reachability.h */ = {isa = PBXFileReference; fileEncoding = 4; lastKnownFileType = sourcecode.c.h; path = Reachability.h; sourceTree = "<group>"; };
		DB2A3FA3251E52B000553A60 /* ConnectionManager.swift */ = {isa = PBXFileReference; lastKnownFileType = sourcecode.swift; path = ConnectionManager.swift; sourceTree = "<group>"; };
		F95EE275EC73A2AF075E8D48 /* Pods-StudyCool.debug.xcconfig */ = {isa = PBXFileReference; includeInIndex = 1; lastKnownFileType = text.xcconfig; name = "Pods-StudyCool.debug.xcconfig"; path = "Target Support Files/Pods-StudyCool/Pods-StudyCool.debug.xcconfig"; sourceTree = "<group>"; };
/* End PBXFileReference section */

/* Begin PBXFrameworksBuildPhase section */
		25477170251C4E1100C1F4CD /* Frameworks */ = {
			isa = PBXFrameworksBuildPhase;
			buildActionMask = 2147483647;
			files = (
				AC307554AD592C735D13CCB4 /* Pods_StudyCool.framework in Frameworks */,
			);
			runOnlyForDeploymentPostprocessing = 0;
		};
/* End PBXFrameworksBuildPhase section */

/* Begin PBXGroup section */
		20198C50AB5C904E0A6C7C57 /* Frameworks */ = {
			isa = PBXGroup;
			children = (
				CA80808715A7DCEFA3EF7F1A /* Pods_StudyCool.framework */,
			);
			name = Frameworks;
			sourceTree = "<group>";
		};
		2507CB4E251C8F9E00B0D28E /* Account */ = {
			isa = PBXGroup;
			children = (
				2507CB4F251C8FB300B0D28E /* AccountVC.swift */,
				2507CB50251C8FB300B0D28E /* AccountVC.xib */,
			);
			path = Account;
			sourceTree = "<group>";
		};
		2547716A251C4E1100C1F4CD = {
			isa = PBXGroup;
			children = (
				25477175251C4E1100C1F4CD /* StudyCool */,
				25477174251C4E1100C1F4CD /* Products */,
				FE80BB3308857DACB1BE1A91 /* Pods */,
				20198C50AB5C904E0A6C7C57 /* Frameworks */,
			);
			sourceTree = "<group>";
		};
		25477174251C4E1100C1F4CD /* Products */ = {
			isa = PBXGroup;
			children = (
				25477173251C4E1100C1F4CD /* StudyCool.app */,
			);
			name = Products;
			sourceTree = "<group>";
		};
		25477175251C4E1100C1F4CD /* StudyCool */ = {
			isa = PBXGroup;
			children = (
				25477176251C4E1100C1F4CD /* AppDelegate.swift */,
				DB2A3F9C251E481A00553A60 /* Models */,
				DB2A3F97251CFAC200553A60 /* ViewModel */,
				DB2A3F90251CF2D900553A60 /* Utilities */,
				25911BEE251C55AE00B52872 /* Constants */,
				25911BF0251C55AE00B52872 /* Extension */,
				25911BFB251C55AF00B52872 /* Helper */,
				25911BE3251C556D00B52872 /* Components */,
				25BECCA1251C9FC4004D57CC /* Views */,
				25911C0D251C563000B52872 /* Controllers */,
				25477178251C4E1100C1F4CD /* SceneDelegate.swift */,
				84635349252199FF0055A750 /* words.json */,
				2547717F251C4E1300C1F4CD /* Assets.xcassets */,
				25477181251C4E1300C1F4CD /* LaunchScreen.storyboard */,
				25477184251C4E1300C1F4CD /* Info.plist */,
				DB2A3F95251CF9C000553A60 /* GoogleService-Info.plist */,
				8436827525496EED00C8B8BF /* ielts1.json */,
			);
			path = StudyCool;
			sourceTree = "<group>";
		};
		2557979C251DB08000FBC245 /* Header */ = {
			isa = PBXGroup;
			children = (
				2557979D251DB09500FBC245 /* HeaderNavigator.swift */,
				255797A0251DB0EE00FBC245 /* HeaderNavigator.xib */,
			);
			path = Header;
			sourceTree = "<group>";
		};
		255797B5251DD19B00FBC245 /* SCLAlertView */ = {
			isa = PBXGroup;
			children = (
				255797B6251DD19B00FBC245 /* SCLAlertView.swift */,
				255797B7251DD19B00FBC245 /* SCLExtensions.swift */,
			);
			path = SCLAlertView;
			sourceTree = "<group>";
		};
		25911BE3251C556D00B52872 /* Components */ = {
			isa = PBXGroup;
			children = (
				255797B5251DD19B00FBC245 /* SCLAlertView */,
				25911BF5251C55AE00B52872 /* Base */,
				25BECCA4251CA1C0004D57CC /* PMSuperButton.swift */,
			);
			path = Components;
			sourceTree = "<group>";
		};
		25911BEE251C55AE00B52872 /* Constants */ = {
			isa = PBXGroup;
			children = (
				25911BEF251C55AE00B52872 /* AppConstant.swift */,
			);
			path = Constants;
			sourceTree = "<group>";
		};
		25911BF0251C55AE00B52872 /* Extension */ = {
			isa = PBXGroup;
			children = (
				25911BF1251C55AE00B52872 /* UIView+Extensions.swift */,
				25911BF2251C55AE00B52872 /* Bundle+Extention.swift */,
				25911BF3251C55AE00B52872 /* String+Extensions.swift */,
				25911BF4251C55AE00B52872 /* UITableView+Extensions.swift */,
				849B283B251DCA860045D15D /* UICollectionView+Extensions.swift */,
			);
			path = Extension;
			sourceTree = "<group>";
		};
		25911BF5251C55AE00B52872 /* Base */ = {
			isa = PBXGroup;
			children = (
				25911BF6251C55AF00B52872 /* BaseViewController.swift */,
				25911BF7251C55AF00B52872 /* MainTabbar.swift */,
				25911BFA251C55AF00B52872 /* BaseViewXib.swift */,
			);
			path = Base;
			sourceTree = "<group>";
		};
		25911BFB251C55AF00B52872 /* Helper */ = {
			isa = PBXGroup;
			children = (
				DB2A3F9F251E526200553A60 /* Network */,
				25911BFC251C55AF00B52872 /* LanguageHelper.swift */,
				25911BFD251C55AF00B52872 /* JsonHelper.swift */,
				25911BFE251C55AF00B52872 /* UseDefaultHelper.swift */,
				DB2A3FA3251E52B000553A60 /* ConnectionManager.swift */,
			);
			path = Helper;
			sourceTree = "<group>";
		};
		25911C0D251C563000B52872 /* Controllers */ = {
			isa = PBXGroup;
			children = (
				849B27FE251D9F0C0045D15D /* Training */,
				DB2A3F87251CF20400553A60 /* Authentic */,
				2507CB4E251C8F9E00B0D28E /* Account */,
				25911C21251C5CF900B52872 /* Study */,
				25911C0E251C565300B52872 /* Review */,
			);
			path = Controllers;
			sourceTree = "<group>";
		};
		25911C0E251C565300B52872 /* Review */ = {
			isa = PBXGroup;
			children = (
				25911C1B251C5AF500B52872 /* ReviewVC.swift */,
				25911C1C251C5AF500B52872 /* ReviewVC.xib */,
			);
			path = Review;
			sourceTree = "<group>";
		};
		25911C21251C5CF900B52872 /* Study */ = {
			isa = PBXGroup;
			children = (
				8436823D2549073800C8B8BF /* Cell */,
				25911C22251C5D1100B52872 /* StudyVC.swift */,
				25911C23251C5D1100B52872 /* StudyVC.xib */,
			);
			path = Study;
			sourceTree = "<group>";
		};
		25A4E11C251DF4B300CD969C /* InputForm */ = {
			isa = PBXGroup;
			children = (
				25A4E11D251DF4B300CD969C /* InputForm.swift */,
				25A4E11E251DF4B300CD969C /* InputForm.xib */,
			);
			path = InputForm;
			sourceTree = "<group>";
		};
		25BECCA1251C9FC4004D57CC /* Views */ = {
			isa = PBXGroup;
			children = (
				25A4E11C251DF4B300CD969C /* InputForm */,
				849B2805251DA7150045D15D /* Training */,
				2557979C251DB08000FBC245 /* Header */,
				25BECCAA251CA277004D57CC /* EmptyHistoryView */,
			);
			path = Views;
			sourceTree = "<group>";
		};
		25BECCAA251CA277004D57CC /* EmptyHistoryView */ = {
			isa = PBXGroup;
			children = (
				25BECCA7251CA22E004D57CC /* EmptyHistoryView.swift */,
				25BECCAB251CA292004D57CC /* EmptyHistoryView.xib */,
			);
			path = EmptyHistoryView;
			sourceTree = "<group>";
		};
		8436823D2549073800C8B8BF /* Cell */ = {
			isa = PBXGroup;
			children = (
				8436823E2549075E00C8B8BF /* StudyCell.swift */,
				8436823F2549075E00C8B8BF /* StudyCell.xib */,
			);
			path = Cell;
			sourceTree = "<group>";
		};
		849B27FE251D9F0C0045D15D /* Training */ = {
			isa = PBXGroup;
			children = (
				849B27FF251D9F3C0045D15D /* TrainingViewController.swift */,
				849B2800251D9F3C0045D15D /* TrainingViewController.xib */,
			);
			path = Training;
			sourceTree = "<group>";
		};
		849B2805251DA7150045D15D /* Training */ = {
			isa = PBXGroup;
			children = (
				84AED9912522DF7B001A83F0 /* SuccessView */,
				849B2808251DA73E0045D15D /* WriteView */,
				849B2807251DA7280045D15D /* ListernView */,
				849B2806251DA71C0045D15D /* LearnView */,
			);
			path = Training;
			sourceTree = "<group>";
		};
		849B2806251DA71C0045D15D /* LearnView */ = {
			isa = PBXGroup;
			children = (
				849B280A251DAB080045D15D /* LearnView.swift */,
				849B280D251DAB160045D15D /* LearnView.xib */,
			);
			path = LearnView;
			sourceTree = "<group>";
		};
		849B2807251DA7280045D15D /* ListernView */ = {
			isa = PBXGroup;
			children = (
				849B2810251DC0310045D15D /* ListernView.swift */,
				849B2813251DC03E0045D15D /* ListernView.xib */,
			);
			path = ListernView;
			sourceTree = "<group>";
		};
		849B2808251DA73E0045D15D /* WriteView */ = {
			isa = PBXGroup;
			children = (
				849B281C251DC8FC0045D15D /* Cell */,
				849B2816251DC4800045D15D /* WriteView.swift */,
				849B2819251DC48B0045D15D /* WriteView.xib */,
			);
			path = WriteView;
			sourceTree = "<group>";
		};
		849B281C251DC8FC0045D15D /* Cell */ = {
			isa = PBXGroup;
			children = (
				849B281D251DC9590045D15D /* WordCell.swift */,
				849B281E251DC9590045D15D /* WordCell.xib */,
			);
			path = Cell;
			sourceTree = "<group>";
		};
		84AED9912522DF7B001A83F0 /* SuccessView */ = {
			isa = PBXGroup;
			children = (
				84AED9922522DFB5001A83F0 /* SuccessView.swift */,
				84AED9952522DFC0001A83F0 /* SuccessView.xib */,
			);
			path = SuccessView;
			sourceTree = "<group>";
		};
		DB2A3F87251CF20400553A60 /* Authentic */ = {
			isa = PBXGroup;
			children = (
				DB2A3F8A251CF20400553A60 /* LoginViewController.swift */,
				DB2A3F89251CF20400553A60 /* LoginViewController.xib */,
				DB2A3F8B251CF20400553A60 /* RegisterViewController.swift */,
				DB2A3F88251CF20400553A60 /* RegisterViewController.xib */,
			);
			path = Authentic;
			sourceTree = "<group>";
		};
		DB2A3F90251CF2D900553A60 /* Utilities */ = {
			isa = PBXGroup;
			children = (
				DB2A3F91251CF2FA00553A60 /* AppRouter.swift */,
				DB2A3F93251CF77F00553A60 /* PopUpHelper.swift */,
			);
			path = Utilities;
			sourceTree = "<group>";
		};
		DB2A3F97251CFAC200553A60 /* ViewModel */ = {
			isa = PBXGroup;
			children = (
				DB2A3F98251CFAD700553A60 /* UserAuthViewModel.swift */,
				DB2A3F9A251CFB2100553A60 /* Firebase.swift */,
			);
			path = ViewModel;
			sourceTree = "<group>";
		};
		DB2A3F9C251E481A00553A60 /* Models */ = {
			isa = PBXGroup;
			children = (
				DB2A3F9D251E482F00553A60 /* UserModel.swift */,
				846353462521982E0055A750 /* WordModel.swift */,
			);
			path = Models;
			sourceTree = "<group>";
		};
		DB2A3F9F251E526200553A60 /* Network */ = {
			isa = PBXGroup;
			children = (
				DB2A3FA1251E528D00553A60 /* Reachability.h */,
				DB2A3FA0251E528D00553A60 /* Reachability.swift */,
			);
			path = Network;
			sourceTree = "<group>";
		};
		FE80BB3308857DACB1BE1A91 /* Pods */ = {
			isa = PBXGroup;
			children = (
				F95EE275EC73A2AF075E8D48 /* Pods-StudyCool.debug.xcconfig */,
				B8054D8E7FD62059B061E102 /* Pods-StudyCool.release.xcconfig */,
			);
			path = Pods;
			sourceTree = "<group>";
		};
/* End PBXGroup section */

/* Begin PBXNativeTarget section */
		25477172251C4E1100C1F4CD /* StudyCool */ = {
			isa = PBXNativeTarget;
			buildConfigurationList = 25477187251C4E1300C1F4CD /* Build configuration list for PBXNativeTarget "StudyCool" */;
			buildPhases = (
				3107562FB571DADC53512518 /* [CP] Check Pods Manifest.lock */,
				2547716F251C4E1100C1F4CD /* Sources */,
				25477170251C4E1100C1F4CD /* Frameworks */,
				25477171251C4E1100C1F4CD /* Resources */,
				8F08983B03D42ECFEA66E439 /* [CP] Embed Pods Frameworks */,
			);
			buildRules = (
			);
			dependencies = (
			);
			name = StudyCool;
			productName = StudyCool;
			productReference = 25477173251C4E1100C1F4CD /* StudyCool.app */;
			productType = "com.apple.product-type.application";
		};
/* End PBXNativeTarget section */

/* Begin PBXProject section */
		2547716B251C4E1100C1F4CD /* Project object */ = {
			isa = PBXProject;
			attributes = {
				LastSwiftUpdateCheck = 1200;
				LastUpgradeCheck = 1200;
				TargetAttributes = {
					25477172251C4E1100C1F4CD = {
						CreatedOnToolsVersion = 12.0;
					};
				};
			};
			buildConfigurationList = 2547716E251C4E1100C1F4CD /* Build configuration list for PBXProject "StudyCool" */;
			compatibilityVersion = "Xcode 9.3";
			developmentRegion = en;
			hasScannedForEncodings = 0;
			knownRegions = (
				en,
				Base,
			);
			mainGroup = 2547716A251C4E1100C1F4CD;
			productRefGroup = 25477174251C4E1100C1F4CD /* Products */;
			projectDirPath = "";
			projectRoot = "";
			targets = (
				25477172251C4E1100C1F4CD /* StudyCool */,
			);
		};
/* End PBXProject section */

/* Begin PBXResourcesBuildPhase section */
		25477171251C4E1100C1F4CD /* Resources */ = {
			isa = PBXResourcesBuildPhase;
			buildActionMask = 2147483647;
			files = (
				843682412549075E00C8B8BF /* StudyCell.xib in Resources */,
				255797A1251DB0EE00FBC245 /* HeaderNavigator.xib in Resources */,
				DB2A3F8D251CF20400553A60 /* LoginViewController.xib in Resources */,
				25A4E120251DF4B400CD969C /* InputForm.xib in Resources */,
				25477183251C4E1300C1F4CD /* LaunchScreen.storyboard in Resources */,
				DB2A3F96251CF9C000553A60 /* GoogleService-Info.plist in Resources */,
				849B280E251DAB160045D15D /* LearnView.xib in Resources */,
				25BECCAC251CA292004D57CC /* EmptyHistoryView.xib in Resources */,
				849B2820251DC9590045D15D /* WordCell.xib in Resources */,
				849B2802251D9F3C0045D15D /* TrainingViewController.xib in Resources */,
				8463534A252199FF0055A750 /* words.json in Resources */,
				DB2A3F8C251CF20400553A60 /* RegisterViewController.xib in Resources */,
				25911C1E251C5AF500B52872 /* ReviewVC.xib in Resources */,
				84AED9962522DFC0001A83F0 /* SuccessView.xib in Resources */,
				849B281A251DC48B0045D15D /* WriteView.xib in Resources */,
				849B2814251DC03E0045D15D /* ListernView.xib in Resources */,
				25911C25251C5D1100B52872 /* StudyVC.xib in Resources */,
				8436827625496EED00C8B8BF /* ielts1.json in Resources */,
				2507CB52251C8FB300B0D28E /* AccountVC.xib in Resources */,
				25477180251C4E1300C1F4CD /* Assets.xcassets in Resources */,
			);
			runOnlyForDeploymentPostprocessing = 0;
		};
/* End PBXResourcesBuildPhase section */

/* Begin PBXShellScriptBuildPhase section */
		3107562FB571DADC53512518 /* [CP] Check Pods Manifest.lock */ = {
			isa = PBXShellScriptBuildPhase;
			buildActionMask = 2147483647;
			files = (
			);
			inputFileListPaths = (
			);
			inputPaths = (
				"${PODS_PODFILE_DIR_PATH}/Podfile.lock",
				"${PODS_ROOT}/Manifest.lock",
			);
			name = "[CP] Check Pods Manifest.lock";
			outputFileListPaths = (
			);
			outputPaths = (
				"$(DERIVED_FILE_DIR)/Pods-StudyCool-checkManifestLockResult.txt",
			);
			runOnlyForDeploymentPostprocessing = 0;
			shellPath = /bin/sh;
			shellScript = "diff \"${PODS_PODFILE_DIR_PATH}/Podfile.lock\" \"${PODS_ROOT}/Manifest.lock\" > /dev/null\nif [ $? != 0 ] ; then\n    # print error to STDERR\n    echo \"error: The sandbox is not in sync with the Podfile.lock. Run 'pod install' or update your CocoaPods installation.\" >&2\n    exit 1\nfi\n# This output is used by Xcode 'outputs' to avoid re-running this script phase.\necho \"SUCCESS\" > \"${SCRIPT_OUTPUT_FILE_0}\"\n";
			showEnvVarsInLog = 0;
		};
		8F08983B03D42ECFEA66E439 /* [CP] Embed Pods Frameworks */ = {
			isa = PBXShellScriptBuildPhase;
			buildActionMask = 2147483647;
			files = (
			);
			inputFileListPaths = (
				"${PODS_ROOT}/Target Support Files/Pods-StudyCool/Pods-StudyCool-frameworks-${CONFIGURATION}-input-files.xcfilelist",
			);
			name = "[CP] Embed Pods Frameworks";
			outputFileListPaths = (
				"${PODS_ROOT}/Target Support Files/Pods-StudyCool/Pods-StudyCool-frameworks-${CONFIGURATION}-output-files.xcfilelist",
			);
			runOnlyForDeploymentPostprocessing = 0;
			shellPath = /bin/sh;
			shellScript = "\"${PODS_ROOT}/Target Support Files/Pods-StudyCool/Pods-StudyCool-frameworks.sh\"\n";
			showEnvVarsInLog = 0;
		};
/* End PBXShellScriptBuildPhase section */

/* Begin PBXSourcesBuildPhase section */
		2547716F251C4E1100C1F4CD /* Sources */ = {
			isa = PBXSourcesBuildPhase;
			buildActionMask = 2147483647;
			files = (
				2507CB51251C8FB300B0D28E /* AccountVC.swift in Sources */,
				849B2811251DC0310045D15D /* ListernView.swift in Sources */,
				849B283C251DCA860045D15D /* UICollectionView+Extensions.swift in Sources */,
				DB2A3F99251CFAD700553A60 /* UserAuthViewModel.swift in Sources */,
				84AED9932522DFB5001A83F0 /* SuccessView.swift in Sources */,
				25BECCA8251CA22E004D57CC /* EmptyHistoryView.swift in Sources */,
				255797B9251DD19B00FBC245 /* SCLExtensions.swift in Sources */,
				25911C01251C55AF00B52872 /* Bundle+Extention.swift in Sources */,
				25911C02251C55AF00B52872 /* String+Extensions.swift in Sources */,
				DB2A3F9E251E482F00553A60 /* UserModel.swift in Sources */,
				DB2A3F8E251CF20400553A60 /* LoginViewController.swift in Sources */,
				25911C1D251C5AF500B52872 /* ReviewVC.swift in Sources */,
				25BECCA5251CA1C0004D57CC /* PMSuperButton.swift in Sources */,
				DB2A3FA4251E52B000553A60 /* ConnectionManager.swift in Sources */,
				25911C0B251C55AF00B52872 /* UseDefaultHelper.swift in Sources */,
				25911C24251C5D1100B52872 /* StudyVC.swift in Sources */,
				DB2A3FA2251E528D00553A60 /* Reachability.swift in Sources */,
				849B2801251D9F3C0045D15D /* TrainingViewController.swift in Sources */,
				2557979E251DB09500FBC245 /* HeaderNavigator.swift in Sources */,
				DB2A3F9B251CFB2100553A60 /* Firebase.swift in Sources */,
				255797B8251DD19B00FBC245 /* SCLAlertView.swift in Sources */,
				25911C09251C55AF00B52872 /* LanguageHelper.swift in Sources */,
				849B281F251DC9590045D15D /* WordCell.swift in Sources */,
				25911C03251C55AF00B52872 /* UITableView+Extensions.swift in Sources */,
				25A4E11F251DF4B400CD969C /* InputForm.swift in Sources */,
				DB2A3F92251CF2FA00553A60 /* AppRouter.swift in Sources */,
				DB2A3F8F251CF20400553A60 /* RegisterViewController.swift in Sources */,
				843682402549075E00C8B8BF /* StudyCell.swift in Sources */,
				25911C05251C55AF00B52872 /* MainTabbar.swift in Sources */,
				25477177251C4E1100C1F4CD /* AppDelegate.swift in Sources */,
				25911C0A251C55AF00B52872 /* JsonHelper.swift in Sources */,
				849B2817251DC4800045D15D /* WriteView.swift in Sources */,
				DB2A3F94251CF77F00553A60 /* PopUpHelper.swift in Sources */,
				25911C04251C55AF00B52872 /* BaseViewController.swift in Sources */,
				25911C00251C55AF00B52872 /* UIView+Extensions.swift in Sources */,
				846353472521982E0055A750 /* WordModel.swift in Sources */,
				25911C08251C55AF00B52872 /* BaseViewXib.swift in Sources */,
				849B280B251DAB080045D15D /* LearnView.swift in Sources */,
				25477179251C4E1100C1F4CD /* SceneDelegate.swift in Sources */,
				25911BFF251C55AF00B52872 /* AppConstant.swift in Sources */,
			);
			runOnlyForDeploymentPostprocessing = 0;
		};
/* End PBXSourcesBuildPhase section */

/* Begin PBXVariantGroup section */
		25477181251C4E1300C1F4CD /* LaunchScreen.storyboard */ = {
			isa = PBXVariantGroup;
			children = (
				25477182251C4E1300C1F4CD /* Base */,
			);
			name = LaunchScreen.storyboard;
			sourceTree = "<group>";
		};
/* End PBXVariantGroup section */

/* Begin XCBuildConfiguration section */
		25477185251C4E1300C1F4CD /* Debug */ = {
			isa = XCBuildConfiguration;
			buildSettings = {
				ALWAYS_SEARCH_USER_PATHS = NO;
				CLANG_ANALYZER_NONNULL = YES;
				CLANG_ANALYZER_NUMBER_OBJECT_CONVERSION = YES_AGGRESSIVE;
				CLANG_CXX_LANGUAGE_STANDARD = "gnu++14";
				CLANG_CXX_LIBRARY = "libc++";
				CLANG_ENABLE_MODULES = YES;
				CLANG_ENABLE_OBJC_ARC = YES;
				CLANG_ENABLE_OBJC_WEAK = YES;
				CLANG_WARN_BLOCK_CAPTURE_AUTORELEASING = YES;
				CLANG_WARN_BOOL_CONVERSION = YES;
				CLANG_WARN_COMMA = YES;
				CLANG_WARN_CONSTANT_CONVERSION = YES;
				CLANG_WARN_DEPRECATED_OBJC_IMPLEMENTATIONS = YES;
				CLANG_WARN_DIRECT_OBJC_ISA_USAGE = YES_ERROR;
				CLANG_WARN_DOCUMENTATION_COMMENTS = YES;
				CLANG_WARN_EMPTY_BODY = YES;
				CLANG_WARN_ENUM_CONVERSION = YES;
				CLANG_WARN_INFINITE_RECURSION = YES;
				CLANG_WARN_INT_CONVERSION = YES;
				CLANG_WARN_NON_LITERAL_NULL_CONVERSION = YES;
				CLANG_WARN_OBJC_IMPLICIT_RETAIN_SELF = YES;
				CLANG_WARN_OBJC_LITERAL_CONVERSION = YES;
				CLANG_WARN_OBJC_ROOT_CLASS = YES_ERROR;
				CLANG_WARN_QUOTED_INCLUDE_IN_FRAMEWORK_HEADER = YES;
				CLANG_WARN_RANGE_LOOP_ANALYSIS = YES;
				CLANG_WARN_STRICT_PROTOTYPES = YES;
				CLANG_WARN_SUSPICIOUS_MOVE = YES;
				CLANG_WARN_UNGUARDED_AVAILABILITY = YES_AGGRESSIVE;
				CLANG_WARN_UNREACHABLE_CODE = YES;
				CLANG_WARN__DUPLICATE_METHOD_MATCH = YES;
				COPY_PHASE_STRIP = NO;
				DEBUG_INFORMATION_FORMAT = dwarf;
				ENABLE_STRICT_OBJC_MSGSEND = YES;
				ENABLE_TESTABILITY = YES;
				GCC_C_LANGUAGE_STANDARD = gnu11;
				GCC_DYNAMIC_NO_PIC = NO;
				GCC_NO_COMMON_BLOCKS = YES;
				GCC_OPTIMIZATION_LEVEL = 0;
				GCC_PREPROCESSOR_DEFINITIONS = (
					"DEBUG=1",
					"$(inherited)",
				);
				GCC_WARN_64_TO_32_BIT_CONVERSION = YES;
				GCC_WARN_ABOUT_RETURN_TYPE = YES_ERROR;
				GCC_WARN_UNDECLARED_SELECTOR = YES;
				GCC_WARN_UNINITIALIZED_AUTOS = YES_AGGRESSIVE;
				GCC_WARN_UNUSED_FUNCTION = YES;
				GCC_WARN_UNUSED_VARIABLE = YES;
				IPHONEOS_DEPLOYMENT_TARGET = 13.5;
				MTL_ENABLE_DEBUG_INFO = INCLUDE_SOURCE;
				MTL_FAST_MATH = YES;
				ONLY_ACTIVE_ARCH = YES;
				SDKROOT = iphoneos;
				SWIFT_ACTIVE_COMPILATION_CONDITIONS = DEBUG;
				SWIFT_OPTIMIZATION_LEVEL = "-Onone";
			};
			name = Debug;
		};
		25477186251C4E1300C1F4CD /* Release */ = {
			isa = XCBuildConfiguration;
			buildSettings = {
				ALWAYS_SEARCH_USER_PATHS = NO;
				CLANG_ANALYZER_NONNULL = YES;
				CLANG_ANALYZER_NUMBER_OBJECT_CONVERSION = YES_AGGRESSIVE;
				CLANG_CXX_LANGUAGE_STANDARD = "gnu++14";
				CLANG_CXX_LIBRARY = "libc++";
				CLANG_ENABLE_MODULES = YES;
				CLANG_ENABLE_OBJC_ARC = YES;
				CLANG_ENABLE_OBJC_WEAK = YES;
				CLANG_WARN_BLOCK_CAPTURE_AUTORELEASING = YES;
				CLANG_WARN_BOOL_CONVERSION = YES;
				CLANG_WARN_COMMA = YES;
				CLANG_WARN_CONSTANT_CONVERSION = YES;
				CLANG_WARN_DEPRECATED_OBJC_IMPLEMENTATIONS = YES;
				CLANG_WARN_DIRECT_OBJC_ISA_USAGE = YES_ERROR;
				CLANG_WARN_DOCUMENTATION_COMMENTS = YES;
				CLANG_WARN_EMPTY_BODY = YES;
				CLANG_WARN_ENUM_CONVERSION = YES;
				CLANG_WARN_INFINITE_RECURSION = YES;
				CLANG_WARN_INT_CONVERSION = YES;
				CLANG_WARN_NON_LITERAL_NULL_CONVERSION = YES;
				CLANG_WARN_OBJC_IMPLICIT_RETAIN_SELF = YES;
				CLANG_WARN_OBJC_LITERAL_CONVERSION = YES;
				CLANG_WARN_OBJC_ROOT_CLASS = YES_ERROR;
				CLANG_WARN_QUOTED_INCLUDE_IN_FRAMEWORK_HEADER = YES;
				CLANG_WARN_RANGE_LOOP_ANALYSIS = YES;
				CLANG_WARN_STRICT_PROTOTYPES = YES;
				CLANG_WARN_SUSPICIOUS_MOVE = YES;
				CLANG_WARN_UNGUARDED_AVAILABILITY = YES_AGGRESSIVE;
				CLANG_WARN_UNREACHABLE_CODE = YES;
				CLANG_WARN__DUPLICATE_METHOD_MATCH = YES;
				COPY_PHASE_STRIP = NO;
				DEBUG_INFORMATION_FORMAT = "dwarf-with-dsym";
				ENABLE_NS_ASSERTIONS = NO;
				ENABLE_STRICT_OBJC_MSGSEND = YES;
				GCC_C_LANGUAGE_STANDARD = gnu11;
				GCC_NO_COMMON_BLOCKS = YES;
				GCC_WARN_64_TO_32_BIT_CONVERSION = YES;
				GCC_WARN_ABOUT_RETURN_TYPE = YES_ERROR;
				GCC_WARN_UNDECLARED_SELECTOR = YES;
				GCC_WARN_UNINITIALIZED_AUTOS = YES_AGGRESSIVE;
				GCC_WARN_UNUSED_FUNCTION = YES;
				GCC_WARN_UNUSED_VARIABLE = YES;
				IPHONEOS_DEPLOYMENT_TARGET = 13.5;
				MTL_ENABLE_DEBUG_INFO = NO;
				MTL_FAST_MATH = YES;
				SDKROOT = iphoneos;
				SWIFT_COMPILATION_MODE = wholemodule;
				SWIFT_OPTIMIZATION_LEVEL = "-O";
				VALIDATE_PRODUCT = YES;
			};
			name = Release;
		};
		25477188251C4E1300C1F4CD /* Debug */ = {
			isa = XCBuildConfiguration;
			baseConfigurationReference = F95EE275EC73A2AF075E8D48 /* Pods-StudyCool.debug.xcconfig */;
			buildSettings = {
				ASSETCATALOG_COMPILER_APPICON_NAME = AppIcon;
				ASSETCATALOG_COMPILER_GLOBAL_ACCENT_COLOR_NAME = AccentColor;
				CODE_SIGN_STYLE = Automatic;
				DEVELOPMENT_TEAM = SRSNPE33B8;
				INFOPLIST_FILE = StudyCool/Info.plist;
				LD_RUNPATH_SEARCH_PATHS = (
					"$(inherited)",
					"@executable_path/Frameworks",
				);
				PRODUCT_BUNDLE_IDENTIFIER = StudyCool.StudyCool;
				PRODUCT_NAME = "$(TARGET_NAME)";
				SWIFT_VERSION = 5.0;
				TARGETED_DEVICE_FAMILY = "1,2";
			};
			name = Debug;
		};
		25477189251C4E1300C1F4CD /* Release */ = {
			isa = XCBuildConfiguration;
			baseConfigurationReference = B8054D8E7FD62059B061E102 /* Pods-StudyCool.release.xcconfig */;
			buildSettings = {
				ASSETCATALOG_COMPILER_APPICON_NAME = AppIcon;
				ASSETCATALOG_COMPILER_GLOBAL_ACCENT_COLOR_NAME = AccentColor;
				CODE_SIGN_STYLE = Automatic;
				DEVELOPMENT_TEAM = SRSNPE33B8;
				INFOPLIST_FILE = StudyCool/Info.plist;
				LD_RUNPATH_SEARCH_PATHS = (
					"$(inherited)",
					"@executable_path/Frameworks",
				);
				PRODUCT_BUNDLE_IDENTIFIER = StudyCool.StudyCool;
				PRODUCT_NAME = "$(TARGET_NAME)";
				SWIFT_VERSION = 5.0;
				TARGETED_DEVICE_FAMILY = "1,2";
			};
			name = Release;
		};
/* End XCBuildConfiguration section */

/* Begin XCConfigurationList section */
		2547716E251C4E1100C1F4CD /* Build configuration list for PBXProject "StudyCool" */ = {
			isa = XCConfigurationList;
			buildConfigurations = (
				25477185251C4E1300C1F4CD /* Debug */,
				25477186251C4E1300C1F4CD /* Release */,
			);
			defaultConfigurationIsVisible = 0;
			defaultConfigurationName = Release;
		};
		25477187251C4E1300C1F4CD /* Build configuration list for PBXNativeTarget "StudyCool" */ = {
			isa = XCConfigurationList;
			buildConfigurations = (
				25477188251C4E1300C1F4CD /* Debug */,
				25477189251C4E1300C1F4CD /* Release */,
			);
			defaultConfigurationIsVisible = 0;
			defaultConfigurationName = Release;
		};
/* End XCConfigurationList section */
	};
	rootObject = 2547716B251C4E1100C1F4CD /* Project object */;
}
